
Microsoft Visual Studio Solution File, Format Version 12.00
# Visual Studio Version 17
VisualStudioVersion = 17.11.35222.181
MinimumVisualStudioVersion = 10.0.40219.1
Project("{FAE04EC0-301F-11D3-BF4B-00C04F79EFBC}") = "ProjetoGrafoFinalizado", "ProjetoGrafoFinalizado\ProjetoGrafoFinalizado.csproj", "{13DD1FA7-DFE8-4493-AB65-9E5CF7AADF35}"
EndProject
Global
	GlobalSection(SolutionConfigurationPlatforms) = preSolution
		Debug|Any CPU = Debug|Any CPU
		Release|Any CPU = Release|Any CPU
	EndGlobalSection
	GlobalSection(ProjectConfigurationPlatforms) = postSolution
		{13DD1FA7-DFE8-4493-AB65-9E5CF7AADF35}.Debug|Any CPU.ActiveCfg = Debug|Any CPU
		{13DD1FA7-DFE8-4493-AB65-9E5CF7AADF35}.Debug|Any CPU.Build.0 = Debug|Any CPU
		{13DD1FA7-DFE8-4493-AB65-9E5CF7AADF35}.Release|Any CPU.ActiveCfg = Release|Any CPU
		{13DD1FA7-DFE8-4493-AB65-9E5CF7AADF35}.Release|Any CPU.Build.0 = Release|Any CPU
	EndGlobalSection
	GlobalSection(SolutionProperties) = preSolution
		HideSolutionNode = FALSE
	EndGlobalSection
	GlobalSection(ExtensibilityGlobals) = postSolution
		SolutionGuid = {9C617B64-B499-4C3C-83BD-86C71DE1AA81}
	EndGlobalSection
EndGlobal
